// !$*UTF8*$!
{
	archiveVersion = 1;
	classes = {
	};
	objectVersion = 55;
	objects = {

/* Begin PBXBuildFile section */
		753ABC742E5EBCF600CF3C42 /* __4_bis_LessonApp.swift in Sources */ = {isa = PBXBuildFile; fileRef = 753ABC732E5EBCF600CF3C42 /* __4_bis_LessonApp.swift */; };
		753ABC782E5EBD0000CF3C42 /* Assets.xcassets in Resources */ = {isa = PBXBuildFile; fileRef = 753ABC772E5EBD0000CF3C42 /* Assets.xcassets */; };
		753ABC7B2E5EBD0000CF3C42 /* Preview Assets.xcassets in Resources */ = {isa = PBXBuildFile; fileRef = 753ABC7A2E5EBD0000CF3C42 /* Preview Assets.xcassets */; };
		753ABC822E5EBFDB00CF3C42 /* AuthorisationView.swift in Sources */ = {isa = PBXBuildFile; fileRef = 753ABC812E5EBFDA00CF3C42 /* AuthorisationView.swift */; };
		753ABC842E5ED27200CF3C42 /* CommonStyles.swift in Sources */ = {isa = PBXBuildFile; fileRef = 753ABC832E5ED27200CF3C42 /* CommonStyles.swift */; };
		753ABC862E5ED35500CF3C42 /* Extensions.swift in Sources */ = {isa = PBXBuildFile; fileRef = 753ABC852E5ED35500CF3C42 /* Extensions.swift */; };
		753ABC882E5EE1DC00CF3C42 /* MainView.swift in Sources */ = {isa = PBXBuildFile; fileRef = 753ABC872E5EE1DC00CF3C42 /* MainView.swift */; };
		753ABC8A2E5EE4B900CF3C42 /* RegistrationView.swift in Sources */ = {isa = PBXBuildFile; fileRef = 753ABC892E5EE4B900CF3C42 /* RegistrationView.swift */; };
		753ABC8C2E5EE5C700CF3C42 /* CommonClass.swift in Sources */ = {isa = PBXBuildFile; fileRef = 753ABC8B2E5EE5C700CF3C42 /* CommonClass.swift */; };
		753ABC902E5F2A2800CF3C42 /* RegistrationViewModel.swift in Sources */ = {isa = PBXBuildFile; fileRef = 753ABC8F2E5F2A2800CF3C42 /* RegistrationViewModel.swift */; };
		753ABC922E5F305600CF3C42 /* User.swift in Sources */ = {isa = PBXBuildFile; fileRef = 753ABC912E5F305600CF3C42 /* User.swift */; };
		753ABC952E5F30C400CF3C42 /* AuthorisationViewModel.swift in Sources */ = {isa = PBXBuildFile; fileRef = 753ABC942E5F30C400CF3C42 /* AuthorisationViewModel.swift */; };
		753ABC972E5F319900CF3C42 /* MainViewModel.swift in Sources */ = {isa = PBXBuildFile; fileRef = 753ABC962E5F319900CF3C42 /* MainViewModel.swift */; };
		753ABC992E5F31E700CF3C42 /* AuthorisationService.swift in Sources */ = {isa = PBXBuildFile; fileRef = 753ABC982E5F31E700CF3C42 /* AuthorisationService.swift */; };
		753ABC9B2E5F323B00CF3C42 /* AppViewModel.swift in Sources */ = {isa = PBXBuildFile; fileRef = 753ABC9A2E5F323B00CF3C42 /* AppViewModel.swift */; };
		753ABC9D2E5F3B0900CF3C42 /* Validators.swift in Sources */ = {isa = PBXBuildFile; fileRef = 753ABC9C2E5F3B0900CF3C42 /* Validators.swift */; };
/* End PBXBuildFile section */

/* Begin PBXFileReference section */
		753ABC702E5EBCF600CF3C42 /* 3_4_bis_Lesson.app */ = {isa = PBXFileReference; explicitFileType = wrapper.application; includeInIndex = 0; path = 3_4_bis_Lesson.app; sourceTree = BUILT_PRODUCTS_DIR; };
		753ABC732E5EBCF600CF3C42 /* __4_bis_LessonApp.swift */ = {isa = PBXFileReference; lastKnownFileType = sourcecode.swift; path = __4_bis_LessonApp.swift; sourceTree = "<group>"; };
		753ABC772E5EBD0000CF3C42 /* Assets.xcassets */ = {isa = PBXFileReference; lastKnownFileType = folder.assetcatalog; path = Assets.xcassets; sourceTree = "<group>"; };
		753ABC7A2E5EBD0000CF3C42 /* Preview Assets.xcassets */ = {isa = PBXFileReference; lastKnownFileType = folder.assetcatalog; path = "Preview Assets.xcassets"; sourceTree = "<group>"; };
		753ABC812E5EBFDA00CF3C42 /* AuthorisationView.swift */ = {isa = PBXFileReference; lastKnownFileType = sourcecode.swift; path = AuthorisationView.swift; sourceTree = "<group>"; };
		753ABC832E5ED27200CF3C42 /* CommonStyles.swift */ = {isa = PBXFileReference; lastKnownFileType = sourcecode.swift; path = CommonStyles.swift; sourceTree = "<group>"; };
		753ABC852E5ED35500CF3C42 /* Extensions.swift */ = {isa = PBXFileReference; lastKnownFileType = sourcecode.swift; path = Extensions.swift; sourceTree = "<group>"; };
		753ABC872E5EE1DC00CF3C42 /* MainView.swift */ = {isa = PBXFileReference; lastKnownFileType = sourcecode.swift; path = MainView.swift; sourceTree = "<group>"; };
		753ABC892E5EE4B900CF3C42 /* RegistrationView.swift */ = {isa = PBXFileReference; lastKnownFileType = sourcecode.swift; path = RegistrationView.swift; sourceTree = "<group>"; };
		753ABC8B2E5EE5C700CF3C42 /* CommonClass.swift */ = {isa = PBXFileReference; lastKnownFileType = sourcecode.swift; path = CommonClass.swift; sourceTree = "<group>"; };
		753ABC8F2E5F2A2800CF3C42 /* RegistrationViewModel.swift */ = {isa = PBXFileReference; lastKnownFileType = sourcecode.swift; path = RegistrationViewModel.swift; sourceTree = "<group>"; };
		753ABC912E5F305600CF3C42 /* User.swift */ = {isa = PBXFileReference; lastKnownFileType = sourcecode.swift; path = User.swift; sourceTree = "<group>"; };
		753ABC942E5F30C400CF3C42 /* AuthorisationViewModel.swift */ = {isa = PBXFileReference; lastKnownFileType = sourcecode.swift; path = AuthorisationViewModel.swift; sourceTree = "<group>"; };
		753ABC962E5F319900CF3C42 /* MainViewModel.swift */ = {isa = PBXFileReference; lastKnownFileType = sourcecode.swift; path = MainViewModel.swift; sourceTree = "<group>"; };
		753ABC982E5F31E700CF3C42 /* AuthorisationService.swift */ = {isa = PBXFileReference; lastKnownFileType = sourcecode.swift; path = AuthorisationService.swift; sourceTree = "<group>"; };
		753ABC9A2E5F323B00CF3C42 /* AppViewModel.swift */ = {isa = PBXFileReference; lastKnownFileType = sourcecode.swift; path = AppViewModel.swift; sourceTree = "<group>"; };
		753ABC9C2E5F3B0900CF3C42 /* Validators.swift */ = {isa = PBXFileReference; lastKnownFileType = sourcecode.swift; path = Validators.swift; sourceTree = "<group>"; };
/* End PBXFileReference section */

/* Begin PBXFrameworksBuildPhase section */
		753ABC6D2E5EBCF600CF3C42 /* Frameworks */ = {
			isa = PBXFrameworksBuildPhase;
			buildActionMask = 2147483647;
			files = (
			);
			runOnlyForDeploymentPostprocessing = 0;
		};
/* End PBXFrameworksBuildPhase section */

/* Begin PBXGroup section */
		753ABC672E5EBCF600CF3C42 = {
			isa = PBXGroup;
			children = (
				753ABC722E5EBCF600CF3C42 /* 3_4_bis_Lesson */,
				753ABC712E5EBCF600CF3C42 /* Products */,
			);
			sourceTree = "<group>";
		};
		753ABC712E5EBCF600CF3C42 /* Products */ = {
			isa = PBXGroup;
			children = (
				753ABC702E5EBCF600CF3C42 /* 3_4_bis_Lesson.app */,
			);
			name = Products;
			sourceTree = "<group>";
		};
		753ABC722E5EBCF600CF3C42 /* 3_4_bis_Lesson */ = {
			isa = PBXGroup;
			children = (
				753ABC932E5F306B00CF3C42 /* Model */,
				753ABC8D2E5EE6C100CF3C42 /* System */,
				753ABC8E2E5EE6CD00CF3C42 /* Views */,
				753ABC772E5EBD0000CF3C42 /* Assets.xcassets */,
				753ABC792E5EBD0000CF3C42 /* Preview Content */,
			);
			path = 3_4_bis_Lesson;
			sourceTree = "<group>";
		};
		753ABC792E5EBD0000CF3C42 /* Preview Content */ = {
			isa = PBXGroup;
			children = (
				753ABC7A2E5EBD0000CF3C42 /* Preview Assets.xcassets */,
			);
			path = "Preview Content";
			sourceTree = "<group>";
		};
		753ABC8D2E5EE6C100CF3C42 /* System */ = {
			isa = PBXGroup;
			children = (
				753ABC832E5ED27200CF3C42 /* CommonStyles.swift */,
				753ABC852E5ED35500CF3C42 /* Extensions.swift */,
				753ABC982E5F31E700CF3C42 /* AuthorisationService.swift */,
				753ABC9C2E5F3B0900CF3C42 /* Validators.swift */,
			);
			path = System;
			sourceTree = "<group>";
		};
		753ABC8E2E5EE6CD00CF3C42 /* Views */ = {
			isa = PBXGroup;
			children = (
				753ABC812E5EBFDA00CF3C42 /* AuthorisationView.swift */,
				753ABC942E5F30C400CF3C42 /* AuthorisationViewModel.swift */,
				753ABC872E5EE1DC00CF3C42 /* MainView.swift */,
				753ABC962E5F319900CF3C42 /* MainViewModel.swift */,
				753ABC892E5EE4B900CF3C42 /* RegistrationView.swift */,
				753ABC8F2E5F2A2800CF3C42 /* RegistrationViewModel.swift */,
			);
			path = Views;
			sourceTree = "<group>";
		};
		753ABC932E5F306B00CF3C42 /* Model */ = {
			isa = PBXGroup;
			children = (
				753ABC732E5EBCF600CF3C42 /* __4_bis_LessonApp.swift */,
				753ABC9A2E5F323B00CF3C42 /* AppViewModel.swift */,
				753ABC8B2E5EE5C700CF3C42 /* CommonClass.swift */,
				753ABC912E5F305600CF3C42 /* User.swift */,
			);
			name = Model;
			path = System;
			sourceTree = "<group>";
		};
/* End PBXGroup section */

/* Begin PBXNativeTarget section */
		753ABC6F2E5EBCF600CF3C42 /* 3_4_bis_Lesson */ = {
			isa = PBXNativeTarget;
			buildConfigurationList = 753ABC7E2E5EBD0000CF3C42 /* Build configuration list for PBXNativeTarget "3_4_bis_Lesson" */;
			buildPhases = (
				753ABC6C2E5EBCF600CF3C42 /* Sources */,
				753ABC6D2E5EBCF600CF3C42 /* Frameworks */,
				753ABC6E2E5EBCF600CF3C42 /* Resources */,
			);
			buildRules = (
			);
			dependencies = (
			);
			name = 3_4_bis_Lesson;
			productName = 3_4_bis_Lesson;
			productReference = 753ABC702E5EBCF600CF3C42 /* 3_4_bis_Lesson.app */;
			productType = "com.apple.product-type.application";
		};
/* End PBXNativeTarget section */

/* Begin PBXProject section */
		753ABC682E5EBCF600CF3C42 /* Project object */ = {
			isa = PBXProject;
			attributes = {
				BuildIndependentTargetsInParallel = 1;
				LastSwiftUpdateCheck = 1320;
				LastUpgradeCheck = 1320;
				TargetAttributes = {
					753ABC6F2E5EBCF600CF3C42 = {
						CreatedOnToolsVersion = 13.2.1;
					};
				};
			};
			buildConfigurationList = 753ABC6B2E5EBCF600CF3C42 /* Build configuration list for PBXProject "3_4_bis_Lesson" */;
			compatibilityVersion = "Xcode 13.0";
			developmentRegion = en;
			hasScannedForEncodings = 0;
			knownRegions = (
				en,
				Base,
			);
			mainGroup = 753ABC672E5EBCF600CF3C42;
			productRefGroup = 753ABC712E5EBCF600CF3C42 /* Products */;
			projectDirPath = "";
			projectRoot = "";
			targets = (
				753ABC6F2E5EBCF600CF3C42 /* 3_4_bis_Lesson */,
			);
		};
/* End PBXProject section */

/* Begin PBXResourcesBuildPhase section */
		753ABC6E2E5EBCF600CF3C42 /* Resources */ = {
			isa = PBXResourcesBuildPhase;
			buildActionMask = 2147483647;
			files = (
				753ABC7B2E5EBD0000CF3C42 /* Preview Assets.xcassets in Resources */,
				753ABC782E5EBD0000CF3C42 /* Assets.xcassets in Resources */,
			);
			runOnlyForDeploymentPostprocessing = 0;
		};
/* End PBXResourcesBuildPhase section */

/* Begin PBXSourcesBuildPhase section */
		753ABC6C2E5EBCF600CF3C42 /* Sources */ = {
			isa = PBXSourcesBuildPhase;
			buildActionMask = 2147483647;
			files = (
				753ABC8C2E5EE5C700CF3C42 /* CommonClass.swift in Sources */,
				753ABC882E5EE1DC00CF3C42 /* MainView.swift in Sources */,
				753ABC822E5EBFDB00CF3C42 /* AuthorisationView.swift in Sources */,
				753ABC9B2E5F323B00CF3C42 /* AppViewModel.swift in Sources */,
				753ABC842E5ED27200CF3C42 /* CommonStyles.swift in Sources */,
				753ABC992E5F31E700CF3C42 /* AuthorisationService.swift in Sources */,
				753ABC8A2E5EE4B900CF3C42 /* RegistrationView.swift in Sources */,
				753ABC922E5F305600CF3C42 /* User.swift in Sources */,
				753ABC9D2E5F3B0900CF3C42 /* Validators.swift in Sources */,
				753ABC902E5F2A2800CF3C42 /* RegistrationViewModel.swift in Sources */,
				753ABC742E5EBCF600CF3C42 /* __4_bis_LessonApp.swift in Sources */,
				753ABC862E5ED35500CF3C42 /* Extensions.swift in Sources */,
				753ABC952E5F30C400CF3C42 /* AuthorisationViewModel.swift in Sources */,
				753ABC972E5F319900CF3C42 /* MainViewModel.swift in Sources */,
			);
			runOnlyForDeploymentPostprocessing = 0;
		};
/* End PBXSourcesBuildPhase section */

/* Begin XCBuildConfiguration section */
		753ABC7C2E5EBD0000CF3C42 /* Debug */ = {
			isa = XCBuildConfiguration;
			buildSettings = {
				ALWAYS_SEARCH_USER_PATHS = NO;
				CLANG_ANALYZER_NONNULL = YES;
				CLANG_ANALYZER_NUMBER_OBJECT_CONVERSION = YES_AGGRESSIVE;
				CLANG_CXX_LANGUAGE_STANDARD = "gnu++17";
				CLANG_CXX_LIBRARY = "libc++";
				CLANG_ENABLE_MODULES = YES;
				CLANG_ENABLE_OBJC_ARC = YES;
				CLANG_ENABLE_OBJC_WEAK = YES;
				CLANG_WARN_BLOCK_CAPTURE_AUTORELEASING = YES;
				CLANG_WARN_BOOL_CONVERSION = YES;
				CLANG_WARN_COMMA = YES;
				CLANG_WARN_CONSTANT_CONVERSION = YES;
				CLANG_WARN_DEPRECATED_OBJC_IMPLEMENTATIONS = YES;
				CLANG_WARN_DIRECT_OBJC_ISA_USAGE = YES_ERROR;
				CLANG_WARN_DOCUMENTATION_COMMENTS = YES;
				CLANG_WARN_EMPTY_BODY = YES;
				CLANG_WARN_ENUM_CONVERSION = YES;
				CLANG_WARN_INFINITE_RECURSION = YES;
				CLANG_WARN_INT_CONVERSION = YES;
				CLANG_WARN_NON_LITERAL_NULL_CONVERSION = YES;
				CLANG_WARN_OBJC_IMPLICIT_RETAIN_SELF = YES;
				CLANG_WARN_OBJC_LITERAL_CONVERSION = YES;
				CLANG_WARN_OBJC_ROOT_CLASS = YES_ERROR;
				CLANG_WARN_QUOTED_INCLUDE_IN_FRAMEWORK_HEADER = YES;
				CLANG_WARN_RANGE_LOOP_ANALYSIS = YES;
				CLANG_WARN_STRICT_PROTOTYPES = YES;
				CLANG_WARN_SUSPICIOUS_MOVE = YES;
				CLANG_WARN_UNGUARDED_AVAILABILITY = YES_AGGRESSIVE;
				CLANG_WARN_UNREACHABLE_CODE = YES;
				CLANG_WARN__DUPLICATE_METHOD_MATCH = YES;
				COPY_PHASE_STRIP = NO;
				DEBUG_INFORMATION_FORMAT = dwarf;
				ENABLE_STRICT_OBJC_MSGSEND = YES;
				ENABLE_TESTABILITY = YES;
				GCC_C_LANGUAGE_STANDARD = gnu11;
				GCC_DYNAMIC_NO_PIC = NO;
				GCC_NO_COMMON_BLOCKS = YES;
				GCC_OPTIMIZATION_LEVEL = 0;
				GCC_PREPROCESSOR_DEFINITIONS = (
					"DEBUG=1",
					"$(inherited)",
				);
				GCC_WARN_64_TO_32_BIT_CONVERSION = YES;
				GCC_WARN_ABOUT_RETURN_TYPE = YES_ERROR;
				GCC_WARN_UNDECLARED_SELECTOR = YES;
				GCC_WARN_UNINITIALIZED_AUTOS = YES_AGGRESSIVE;
				GCC_WARN_UNUSED_FUNCTION = YES;
				GCC_WARN_UNUSED_VARIABLE = YES;
				IPHONEOS_DEPLOYMENT_TARGET = 15.2;
				MTL_ENABLE_DEBUG_INFO = INCLUDE_SOURCE;
				MTL_FAST_MATH = YES;
				ONLY_ACTIVE_ARCH = YES;
				SDKROOT = iphoneos;
				SWIFT_ACTIVE_COMPILATION_CONDITIONS = DEBUG;
				SWIFT_OPTIMIZATION_LEVEL = "-Onone";
			};
			name = Debug;
		};
		753ABC7D2E5EBD0000CF3C42 /* Release */ = {
			isa = XCBuildConfiguration;
			buildSettings = {
				ALWAYS_SEARCH_USER_PATHS = NO;
				CLANG_ANALYZER_NONNULL = YES;
				CLANG_ANALYZER_NUMBER_OBJECT_CONVERSION = YES_AGGRESSIVE;
				CLANG_CXX_LANGUAGE_STANDARD = "gnu++17";
				CLANG_CXX_LIBRARY = "libc++";
				CLANG_ENABLE_MODULES = YES;
				CLANG_ENABLE_OBJC_ARC = YES;
				CLANG_ENABLE_OBJC_WEAK = YES;
				CLANG_WARN_BLOCK_CAPTURE_AUTORELEASING = YES;
				CLANG_WARN_BOOL_CONVERSION = YES;
				CLANG_WARN_COMMA = YES;
				CLANG_WARN_CONSTANT_CONVERSION = YES;
				CLANG_WARN_DEPRECATED_OBJC_IMPLEMENTATIONS = YES;
				CLANG_WARN_DIRECT_OBJC_ISA_USAGE = YES_ERROR;
				CLANG_WARN_DOCUMENTATION_COMMENTS = YES;
				CLANG_WARN_EMPTY_BODY = YES;
				CLANG_WARN_ENUM_CONVERSION = YES;
				CLANG_WARN_INFINITE_RECURSION = YES;
				CLANG_WARN_INT_CONVERSION = YES;
				CLANG_WARN_NON_LITERAL_NULL_CONVERSION = YES;
				CLANG_WARN_OBJC_IMPLICIT_RETAIN_SELF = YES;
				CLANG_WARN_OBJC_LITERAL_CONVERSION = YES;
				CLANG_WARN_OBJC_ROOT_CLASS = YES_ERROR;
				CLANG_WARN_QUOTED_INCLUDE_IN_FRAMEWORK_HEADER = YES;
				CLANG_WARN_RANGE_LOOP_ANALYSIS = YES;
				CLANG_WARN_STRICT_PROTOTYPES = YES;
				CLANG_WARN_SUSPICIOUS_MOVE = YES;
				CLANG_WARN_UNGUARDED_AVAILABILITY = YES_AGGRESSIVE;
				CLANG_WARN_UNREACHABLE_CODE = YES;
				CLANG_WARN__DUPLICATE_METHOD_MATCH = YES;
				COPY_PHASE_STRIP = NO;
				DEBUG_INFORMATION_FORMAT = "dwarf-with-dsym";
				ENABLE_NS_ASSERTIONS = NO;
				ENABLE_STRICT_OBJC_MSGSEND = YES;
				GCC_C_LANGUAGE_STANDARD = gnu11;
				GCC_NO_COMMON_BLOCKS = YES;
				GCC_WARN_64_TO_32_BIT_CONVERSION = YES;
				GCC_WARN_ABOUT_RETURN_TYPE = YES_ERROR;
				GCC_WARN_UNDECLARED_SELECTOR = YES;
				GCC_WARN_UNINITIALIZED_AUTOS = YES_AGGRESSIVE;
				GCC_WARN_UNUSED_FUNCTION = YES;
				GCC_WARN_UNUSED_VARIABLE = YES;
				IPHONEOS_DEPLOYMENT_TARGET = 15.2;
				MTL_ENABLE_DEBUG_INFO = NO;
				MTL_FAST_MATH = YES;
				SDKROOT = iphoneos;
				SWIFT_COMPILATION_MODE = wholemodule;
				SWIFT_OPTIMIZATION_LEVEL = "-O";
				VALIDATE_PRODUCT = YES;
			};
			name = Release;
		};
		753ABC7F2E5EBD0000CF3C42 /* Debug */ = {
			isa = XCBuildConfiguration;
			buildSettings = {
				ASSETCATALOG_COMPILER_APPICON_NAME = AppIcon;
				ASSETCATALOG_COMPILER_GLOBAL_ACCENT_COLOR_NAME = AccentColor;
				CODE_SIGN_STYLE = Automatic;
				CURRENT_PROJECT_VERSION = 1;
				DEVELOPMENT_ASSET_PATHS = "\"3_4_bis_Lesson/Preview Content\"";
				ENABLE_PREVIEWS = YES;
				GENERATE_INFOPLIST_FILE = YES;
				INFOPLIST_KEY_UIApplicationSceneManifest_Generation = YES;
				INFOPLIST_KEY_UIApplicationSupportsIndirectInputEvents = YES;
				INFOPLIST_KEY_UILaunchScreen_Generation = YES;
				INFOPLIST_KEY_UISupportedInterfaceOrientations_iPad = "UIInterfaceOrientationPortrait UIInterfaceOrientationPortraitUpsideDown UIInterfaceOrientationLandscapeLeft UIInterfaceOrientationLandscapeRight";
				INFOPLIST_KEY_UISupportedInterfaceOrientations_iPhone = "UIInterfaceOrientationPortrait UIInterfaceOrientationLandscapeLeft UIInterfaceOrientationLandscapeRight";
				LD_RUNPATH_SEARCH_PATHS = (
					"$(inherited)",
					"@executable_path/Frameworks",
				);
				MARKETING_VERSION = 1.0;
				PRODUCT_BUNDLE_IDENTIFIER = "Mastepan.--4-bis-Lesson";
				PRODUCT_NAME = "$(TARGET_NAME)";
				SWIFT_EMIT_LOC_STRINGS = YES;
				SWIFT_VERSION = 5.0;
				TARGETED_DEVICE_FAMILY = "1,2";
			};
			name = Debug;
		};
		753ABC802E5EBD0000CF3C42 /* Release */ = {
			isa = XCBuildConfiguration;
			buildSettings = {
				ASSETCATALOG_COMPILER_APPICON_NAME = AppIcon;
				ASSETCATALOG_COMPILER_GLOBAL_ACCENT_COLOR_NAME = AccentColor;
				CODE_SIGN_STYLE = Automatic;
				CURRENT_PROJECT_VERSION = 1;
				DEVELOPMENT_ASSET_PATHS = "\"3_4_bis_Lesson/Preview Content\"";
				ENABLE_PREVIEWS = YES;
				GENERATE_INFOPLIST_FILE = YES;
				INFOPLIST_KEY_UIApplicationSceneManifest_Generation = YES;
				INFOPLIST_KEY_UIApplicationSupportsIndirectInputEvents = YES;
				INFOPLIST_KEY_UILaunchScreen_Generation = YES;
				INFOPLIST_KEY_UISupportedInterfaceOrientations_iPad = "UIInterfaceOrientationPortrait UIInterfaceOrientationPortraitUpsideDown UIInterfaceOrientationLandscapeLeft UIInterfaceOrientationLandscapeRight";
				INFOPLIST_KEY_UISupportedInterfaceOrientations_iPhone = "UIInterfaceOrientationPortrait UIInterfaceOrientationLandscapeLeft UIInterfaceOrientationLandscapeRight";
				LD_RUNPATH_SEARCH_PATHS = (
					"$(inherited)",
					"@executable_path/Frameworks",
				);
				MARKETING_VERSION = 1.0;
				PRODUCT_BUNDLE_IDENTIFIER = "Mastepan.--4-bis-Lesson";
				PRODUCT_NAME = "$(TARGET_NAME)";
				SWIFT_EMIT_LOC_STRINGS = YES;
				SWIFT_VERSION = 5.0;
				TARGETED_DEVICE_FAMILY = "1,2";
			};
			name = Release;
		};
/* End XCBuildConfiguration section */

/* Begin XCConfigurationList section */
		753ABC6B2E5EBCF600CF3C42 /* Build configuration list for PBXProject "3_4_bis_Lesson" */ = {
			isa = XCConfigurationList;
			buildConfigurations = (
				753ABC7C2E5EBD0000CF3C42 /* Debug */,
				753ABC7D2E5EBD0000CF3C42 /* Release */,
			);
			defaultConfigurationIsVisible = 0;
			defaultConfigurationName = Release;
		};
		753ABC7E2E5EBD0000CF3C42 /* Build configuration list for PBXNativeTarget "3_4_bis_Lesson" */ = {
			isa = XCConfigurationList;
			buildConfigurations = (
				753ABC7F2E5EBD0000CF3C42 /* Debug */,
				753ABC802E5EBD0000CF3C42 /* Release */,
			);
			defaultConfigurationIsVisible = 0;
			defaultConfigurationName = Release;
		};
/* End XCConfigurationList section */
	};
	rootObject = 753ABC682E5EBCF600CF3C42 /* Project object */;
}
